// !$*UTF8*$!
{
	archiveVersion = 1;
	classes = {
	};
	objectVersion = 50;
	objects = {

/* Begin PBXBuildFile section */
		049334948EC98FB61757A356 /* Pods_DogBreedRecognizerUITests.framework in Frameworks */ = {isa = PBXBuildFile; fileRef = CD86ADF37F4D5A0A648CEE30 /* Pods_DogBreedRecognizerUITests.framework */; };
		30E855ADBFB09D8423520FAB /* Pods_DogBreedRecognizerTests.framework in Frameworks */ = {isa = PBXBuildFile; fileRef = 3BB6C84E421D4C607F429489 /* Pods_DogBreedRecognizerTests.framework */; };
		765161D490DFB48E960FB4CC /* Pods_DogBreedRecognizer.framework in Frameworks */ = {isa = PBXBuildFile; fileRef = 423E5451BFA4FA8578C55814 /* Pods_DogBreedRecognizer.framework */; };
		9C03828921A309E700D5AF0A /* UImage+Extension.swift in Sources */ = {isa = PBXBuildFile; fileRef = 9C03828821A309E700D5AF0A /* UImage+Extension.swift */; };
		9C1BC5392241F3540014A840 /* UploadLostDogVC.swift in Sources */ = {isa = PBXBuildFile; fileRef = 9C1BC5382241F3540014A840 /* UploadLostDogVC.swift */; };
		9C2A1C952225D0F300715186 /* GoogleService-Info.plist in Resources */ = {isa = PBXBuildFile; fileRef = 9C2A1C942225D0F300715186 /* GoogleService-Info.plist */; };
		9C32F0BB2246DE40001202DE /* breedClassifier_87.mlmodel in Sources */ = {isa = PBXBuildFile; fileRef = 9C32F0BA2246DE40001202DE /* breedClassifier_87.mlmodel */; };
		9C3FC9462201009900A74A4E /* TabbarViewController.swift in Sources */ = {isa = PBXBuildFile; fileRef = 9C3FC9452201009900A74A4E /* TabbarViewController.swift */; };
		9C555D2B224DD6CE00696B96 /* Constants.swift in Sources */ = {isa = PBXBuildFile; fileRef = 9C555D2A224DD6CE00696B96 /* Constants.swift */; };
		9C555D31224DE8E400696B96 /* Dog.swift in Sources */ = {isa = PBXBuildFile; fileRef = 9C555D30224DE8E400696B96 /* Dog.swift */; };
		9C555D34224DEC3700696B96 /* DogCell.swift in Sources */ = {isa = PBXBuildFile; fileRef = 9C555D33224DEC3700696B96 /* DogCell.swift */; };
		9C555D362251A7F300696B96 /* UploadFoundDogVC.swift in Sources */ = {isa = PBXBuildFile; fileRef = 9C555D352251A7F300696B96 /* UploadFoundDogVC.swift */; };
		9C80AA4F223B09AF00F0BFA4 /* AuthVC.swift in Sources */ = {isa = PBXBuildFile; fileRef = 9C80AA4E223B09AF00F0BFA4 /* AuthVC.swift */; };
		9CACE0B5217FB46000997436 /* AppDelegate.swift in Sources */ = {isa = PBXBuildFile; fileRef = 9CACE0B4217FB46000997436 /* AppDelegate.swift */; };
		9CACE0B7217FB46000997436 /* ViewController.swift in Sources */ = {isa = PBXBuildFile; fileRef = 9CACE0B6217FB46000997436 /* ViewController.swift */; };
		9CACE0BA217FB46000997436 /* Main.storyboard in Resources */ = {isa = PBXBuildFile; fileRef = 9CACE0B8217FB46000997436 /* Main.storyboard */; };
		9CACE0BC217FB46200997436 /* Assets.xcassets in Resources */ = {isa = PBXBuildFile; fileRef = 9CACE0BB217FB46200997436 /* Assets.xcassets */; };
		9CACE0BF217FB46200997436 /* LaunchScreen.storyboard in Resources */ = {isa = PBXBuildFile; fileRef = 9CACE0BD217FB46200997436 /* LaunchScreen.storyboard */; };
		9CACE0CA217FB46200997436 /* DogBreedRecognizerTests.swift in Sources */ = {isa = PBXBuildFile; fileRef = 9CACE0C9217FB46200997436 /* DogBreedRecognizerTests.swift */; };
		9CACE0D5217FB46200997436 /* DogBreedRecognizerUITests.swift in Sources */ = {isa = PBXBuildFile; fileRef = 9CACE0D4217FB46200997436 /* DogBreedRecognizerUITests.swift */; };
		9CE9DAA0225EF20500571BC4 /* CommentsVC.swift in Sources */ = {isa = PBXBuildFile; fileRef = 9CE9DA9F225EF20500571BC4 /* CommentsVC.swift */; };
		9CE9DAA4225EF9BA00571BC4 /* CommentCell.swift in Sources */ = {isa = PBXBuildFile; fileRef = 9CE9DAA3225EF9BA00571BC4 /* CommentCell.swift */; };
		9CE9DAA6225EFB9F00571BC4 /* Comment.swift in Sources */ = {isa = PBXBuildFile; fileRef = 9CE9DAA5225EFB9F00571BC4 /* Comment.swift */; };
		9CE9DAA8225EFE9B00571BC4 /* ProfileVC.swift in Sources */ = {isa = PBXBuildFile; fileRef = 9CE9DAA7225EFE9B00571BC4 /* ProfileVC.swift */; };
		9CE9DAAC226013B200571BC4 /* KeyboardBoundView.swift in Sources */ = {isa = PBXBuildFile; fileRef = 9CE9DAAB226013B200571BC4 /* KeyboardBoundView.swift */; };
/* End PBXBuildFile section */

/* Begin PBXContainerItemProxy section */
		9CACE0C6217FB46200997436 /* PBXContainerItemProxy */ = {
			isa = PBXContainerItemProxy;
			containerPortal = 9CACE0A9217FB46000997436 /* Project object */;
			proxyType = 1;
			remoteGlobalIDString = 9CACE0B0217FB46000997436;
			remoteInfo = DogBreedRecognizer;
		};
		9CACE0D1217FB46200997436 /* PBXContainerItemProxy */ = {
			isa = PBXContainerItemProxy;
			containerPortal = 9CACE0A9217FB46000997436 /* Project object */;
			proxyType = 1;
			remoteGlobalIDString = 9CACE0B0217FB46000997436;
			remoteInfo = DogBreedRecognizer;
		};
/* End PBXContainerItemProxy section */

/* Begin PBXFileReference section */
		3AC312E1EE92B07FB7156533 /* Pods-DogBreedRecognizerTests.release.xcconfig */ = {isa = PBXFileReference; includeInIndex = 1; lastKnownFileType = text.xcconfig; name = "Pods-DogBreedRecognizerTests.release.xcconfig"; path = "Pods/Target Support Files/Pods-DogBreedRecognizerTests/Pods-DogBreedRecognizerTests.release.xcconfig"; sourceTree = "<group>"; };
		3BB6C84E421D4C607F429489 /* Pods_DogBreedRecognizerTests.framework */ = {isa = PBXFileReference; explicitFileType = wrapper.framework; includeInIndex = 0; path = Pods_DogBreedRecognizerTests.framework; sourceTree = BUILT_PRODUCTS_DIR; };
		423E5451BFA4FA8578C55814 /* Pods_DogBreedRecognizer.framework */ = {isa = PBXFileReference; explicitFileType = wrapper.framework; includeInIndex = 0; path = Pods_DogBreedRecognizer.framework; sourceTree = BUILT_PRODUCTS_DIR; };
		472196A097220A7DD285C351 /* Pods-DogBreedRecognizerUITests.release.xcconfig */ = {isa = PBXFileReference; includeInIndex = 1; lastKnownFileType = text.xcconfig; name = "Pods-DogBreedRecognizerUITests.release.xcconfig"; path = "Pods/Target Support Files/Pods-DogBreedRecognizerUITests/Pods-DogBreedRecognizerUITests.release.xcconfig"; sourceTree = "<group>"; };
		749130D36849136CE67A6408 /* Pods-DogBreedRecognizer.release.xcconfig */ = {isa = PBXFileReference; includeInIndex = 1; lastKnownFileType = text.xcconfig; name = "Pods-DogBreedRecognizer.release.xcconfig"; path = "Pods/Target Support Files/Pods-DogBreedRecognizer/Pods-DogBreedRecognizer.release.xcconfig"; sourceTree = "<group>"; };
		9C03828821A309E700D5AF0A /* UImage+Extension.swift */ = {isa = PBXFileReference; lastKnownFileType = sourcecode.swift; path = "UImage+Extension.swift"; sourceTree = "<group>"; };
		9C1BC5382241F3540014A840 /* UploadLostDogVC.swift */ = {isa = PBXFileReference; lastKnownFileType = sourcecode.swift; path = UploadLostDogVC.swift; sourceTree = "<group>"; };
		9C2A1C942225D0F300715186 /* GoogleService-Info.plist */ = {isa = PBXFileReference; fileEncoding = 4; lastKnownFileType = text.plist.xml; path = "GoogleService-Info.plist"; sourceTree = "<group>"; };
		9C32F0BA2246DE40001202DE /* breedClassifier_87.mlmodel */ = {isa = PBXFileReference; lastKnownFileType = file.mlmodel; path = breedClassifier_87.mlmodel; sourceTree = "<group>"; };
		9C3FC9452201009900A74A4E /* TabbarViewController.swift */ = {isa = PBXFileReference; lastKnownFileType = sourcecode.swift; path = TabbarViewController.swift; sourceTree = "<group>"; };
		9C555D2A224DD6CE00696B96 /* Constants.swift */ = {isa = PBXFileReference; lastKnownFileType = sourcecode.swift; path = Constants.swift; sourceTree = "<group>"; };
		9C555D30224DE8E400696B96 /* Dog.swift */ = {isa = PBXFileReference; lastKnownFileType = sourcecode.swift; path = Dog.swift; sourceTree = "<group>"; };
		9C555D33224DEC3700696B96 /* DogCell.swift */ = {isa = PBXFileReference; lastKnownFileType = sourcecode.swift; path = DogCell.swift; sourceTree = "<group>"; };
		9C555D352251A7F300696B96 /* UploadFoundDogVC.swift */ = {isa = PBXFileReference; lastKnownFileType = sourcecode.swift; path = UploadFoundDogVC.swift; sourceTree = "<group>"; };
		9C80AA4E223B09AF00F0BFA4 /* AuthVC.swift */ = {isa = PBXFileReference; lastKnownFileType = sourcecode.swift; path = AuthVC.swift; sourceTree = "<group>"; };
		9CACE0B1217FB46000997436 /* DogBreedRecognizer.app */ = {isa = PBXFileReference; explicitFileType = wrapper.application; includeInIndex = 0; path = DogBreedRecognizer.app; sourceTree = BUILT_PRODUCTS_DIR; };
		9CACE0B4217FB46000997436 /* AppDelegate.swift */ = {isa = PBXFileReference; lastKnownFileType = sourcecode.swift; path = AppDelegate.swift; sourceTree = "<group>"; };
		9CACE0B6217FB46000997436 /* ViewController.swift */ = {isa = PBXFileReference; lastKnownFileType = sourcecode.swift; path = ViewController.swift; sourceTree = "<group>"; };
		9CACE0B9217FB46000997436 /* Base */ = {isa = PBXFileReference; lastKnownFileType = file.storyboard; name = Base; path = Base.lproj/Main.storyboard; sourceTree = "<group>"; };
		9CACE0BB217FB46200997436 /* Assets.xcassets */ = {isa = PBXFileReference; lastKnownFileType = folder.assetcatalog; path = Assets.xcassets; sourceTree = "<group>"; };
		9CACE0BE217FB46200997436 /* Base */ = {isa = PBXFileReference; lastKnownFileType = file.storyboard; name = Base; path = Base.lproj/LaunchScreen.storyboard; sourceTree = "<group>"; };
		9CACE0C0217FB46200997436 /* Info.plist */ = {isa = PBXFileReference; lastKnownFileType = text.plist.xml; path = Info.plist; sourceTree = "<group>"; };
		9CACE0C5217FB46200997436 /* DogBreedRecognizerTests.xctest */ = {isa = PBXFileReference; explicitFileType = wrapper.cfbundle; includeInIndex = 0; path = DogBreedRecognizerTests.xctest; sourceTree = BUILT_PRODUCTS_DIR; };
		9CACE0C9217FB46200997436 /* DogBreedRecognizerTests.swift */ = {isa = PBXFileReference; lastKnownFileType = sourcecode.swift; path = DogBreedRecognizerTests.swift; sourceTree = "<group>"; };
		9CACE0CB217FB46200997436 /* Info.plist */ = {isa = PBXFileReference; lastKnownFileType = text.plist.xml; path = Info.plist; sourceTree = "<group>"; };
		9CACE0D0217FB46200997436 /* DogBreedRecognizerUITests.xctest */ = {isa = PBXFileReference; explicitFileType = wrapper.cfbundle; includeInIndex = 0; path = DogBreedRecognizerUITests.xctest; sourceTree = BUILT_PRODUCTS_DIR; };
		9CACE0D4217FB46200997436 /* DogBreedRecognizerUITests.swift */ = {isa = PBXFileReference; lastKnownFileType = sourcecode.swift; path = DogBreedRecognizerUITests.swift; sourceTree = "<group>"; };
		9CACE0D6217FB46200997436 /* Info.plist */ = {isa = PBXFileReference; lastKnownFileType = text.plist.xml; path = Info.plist; sourceTree = "<group>"; };
		9CE9DA9F225EF20500571BC4 /* CommentsVC.swift */ = {isa = PBXFileReference; lastKnownFileType = sourcecode.swift; path = CommentsVC.swift; sourceTree = "<group>"; };
		9CE9DAA3225EF9BA00571BC4 /* CommentCell.swift */ = {isa = PBXFileReference; lastKnownFileType = sourcecode.swift; path = CommentCell.swift; sourceTree = "<group>"; };
		9CE9DAA5225EFB9F00571BC4 /* Comment.swift */ = {isa = PBXFileReference; lastKnownFileType = sourcecode.swift; path = Comment.swift; sourceTree = "<group>"; };
		9CE9DAA7225EFE9B00571BC4 /* ProfileVC.swift */ = {isa = PBXFileReference; lastKnownFileType = sourcecode.swift; path = ProfileVC.swift; sourceTree = "<group>"; };
		9CE9DAAB226013B200571BC4 /* KeyboardBoundView.swift */ = {isa = PBXFileReference; lastKnownFileType = sourcecode.swift; path = KeyboardBoundView.swift; sourceTree = "<group>"; };
		B3AA9483CA113E64E3F20C9B /* Pods-DogBreedRecognizer.debug.xcconfig */ = {isa = PBXFileReference; includeInIndex = 1; lastKnownFileType = text.xcconfig; name = "Pods-DogBreedRecognizer.debug.xcconfig"; path = "Pods/Target Support Files/Pods-DogBreedRecognizer/Pods-DogBreedRecognizer.debug.xcconfig"; sourceTree = "<group>"; };
		BD32F777735B15670C2A893E /* Pods-DogBreedRecognizerTests.debug.xcconfig */ = {isa = PBXFileReference; includeInIndex = 1; lastKnownFileType = text.xcconfig; name = "Pods-DogBreedRecognizerTests.debug.xcconfig"; path = "Pods/Target Support Files/Pods-DogBreedRecognizerTests/Pods-DogBreedRecognizerTests.debug.xcconfig"; sourceTree = "<group>"; };
		CD86ADF37F4D5A0A648CEE30 /* Pods_DogBreedRecognizerUITests.framework */ = {isa = PBXFileReference; explicitFileType = wrapper.framework; includeInIndex = 0; path = Pods_DogBreedRecognizerUITests.framework; sourceTree = BUILT_PRODUCTS_DIR; };
		F4794C797CD4495FF582499F /* Pods-DogBreedRecognizerUITests.debug.xcconfig */ = {isa = PBXFileReference; includeInIndex = 1; lastKnownFileType = text.xcconfig; name = "Pods-DogBreedRecognizerUITests.debug.xcconfig"; path = "Pods/Target Support Files/Pods-DogBreedRecognizerUITests/Pods-DogBreedRecognizerUITests.debug.xcconfig"; sourceTree = "<group>"; };
/* End PBXFileReference section */

/* Begin PBXFrameworksBuildPhase section */
		9CACE0AE217FB46000997436 /* Frameworks */ = {
			isa = PBXFrameworksBuildPhase;
			buildActionMask = 2147483647;
			files = (
				765161D490DFB48E960FB4CC /* Pods_DogBreedRecognizer.framework in Frameworks */,
			);
			runOnlyForDeploymentPostprocessing = 0;
		};
		9CACE0C2217FB46200997436 /* Frameworks */ = {
			isa = PBXFrameworksBuildPhase;
			buildActionMask = 2147483647;
			files = (
				30E855ADBFB09D8423520FAB /* Pods_DogBreedRecognizerTests.framework in Frameworks */,
			);
			runOnlyForDeploymentPostprocessing = 0;
		};
		9CACE0CD217FB46200997436 /* Frameworks */ = {
			isa = PBXFrameworksBuildPhase;
			buildActionMask = 2147483647;
			files = (
				049334948EC98FB61757A356 /* Pods_DogBreedRecognizerUITests.framework in Frameworks */,
			);
			runOnlyForDeploymentPostprocessing = 0;
		};
/* End PBXFrameworksBuildPhase section */

/* Begin PBXGroup section */
		567CBFD19C0336FD7939AD9F /* Pods */ = {
			isa = PBXGroup;
			children = (
				B3AA9483CA113E64E3F20C9B /* Pods-DogBreedRecognizer.debug.xcconfig */,
				749130D36849136CE67A6408 /* Pods-DogBreedRecognizer.release.xcconfig */,
				BD32F777735B15670C2A893E /* Pods-DogBreedRecognizerTests.debug.xcconfig */,
				3AC312E1EE92B07FB7156533 /* Pods-DogBreedRecognizerTests.release.xcconfig */,
				F4794C797CD4495FF582499F /* Pods-DogBreedRecognizerUITests.debug.xcconfig */,
				472196A097220A7DD285C351 /* Pods-DogBreedRecognizerUITests.release.xcconfig */,
			);
			name = Pods;
			sourceTree = "<group>";
		};
		9C32F0B92242B72A001202DE /* Controllers */ = {
			isa = PBXGroup;
			children = (
				9CACE0B6217FB46000997436 /* ViewController.swift */,
				9C3FC9452201009900A74A4E /* TabbarViewController.swift */,
				9C80AA4E223B09AF00F0BFA4 /* AuthVC.swift */,
				9C1BC5382241F3540014A840 /* UploadLostDogVC.swift */,
				9C555D352251A7F300696B96 /* UploadFoundDogVC.swift */,
				9CE9DA9F225EF20500571BC4 /* CommentsVC.swift */,
				9CE9DAA7225EFE9B00571BC4 /* ProfileVC.swift */,
			);
			path = Controllers;
			sourceTree = "<group>";
		};
		9C555D29224DD69B00696B96 /* Utilities */ = {
			isa = PBXGroup;
			children = (
				9C03828821A309E700D5AF0A /* UImage+Extension.swift */,
				9C555D2A224DD6CE00696B96 /* Constants.swift */,
				9CE9DAAB226013B200571BC4 /* KeyboardBoundView.swift */,
			);
			path = Utilities;
			sourceTree = "<group>";
		};
		9C555D2F224DE8D600696B96 /* Model */ = {
			isa = PBXGroup;
			children = (
				9C555D30224DE8E400696B96 /* Dog.swift */,
				9CE9DAA5225EFB9F00571BC4 /* Comment.swift */,
			);
			path = Model;
			sourceTree = "<group>";
		};
		9C555D32224DEC2000696B96 /* View */ = {
			isa = PBXGroup;
			children = (
				9C555D33224DEC3700696B96 /* DogCell.swift */,
				9CE9DAA3225EF9BA00571BC4 /* CommentCell.swift */,
			);
			path = View;
			sourceTree = "<group>";
		};
		9CACE0A8217FB46000997436 = {
			isa = PBXGroup;
			children = (
				9CACE0B3217FB46000997436 /* DogBreedRecognizer */,
				9CACE0C8217FB46200997436 /* DogBreedRecognizerTests */,
				9CACE0D3217FB46200997436 /* DogBreedRecognizerUITests */,
				9CACE0B2217FB46000997436 /* Products */,
				567CBFD19C0336FD7939AD9F /* Pods */,
				DD39F6ED14D5C621C9508A06 /* Frameworks */,
			);
			sourceTree = "<group>";
		};
		9CACE0B2217FB46000997436 /* Products */ = {
			isa = PBXGroup;
			children = (
				9CACE0B1217FB46000997436 /* DogBreedRecognizer.app */,
				9CACE0C5217FB46200997436 /* DogBreedRecognizerTests.xctest */,
				9CACE0D0217FB46200997436 /* DogBreedRecognizerUITests.xctest */,
			);
			name = Products;
			sourceTree = "<group>";
		};
		9CACE0B3217FB46000997436 /* DogBreedRecognizer */ = {
			isa = PBXGroup;
			children = (
				9C32F0B92242B72A001202DE /* Controllers */,
				9C555D32224DEC2000696B96 /* View */,
				9C555D2F224DE8D600696B96 /* Model */,
				9C555D29224DD69B00696B96 /* Utilities */,
				9C32F0BA2246DE40001202DE /* breedClassifier_87.mlmodel */,
				9C2A1C942225D0F300715186 /* GoogleService-Info.plist */,
				9CACE0B4217FB46000997436 /* AppDelegate.swift */,
				9CACE0B8217FB46000997436 /* Main.storyboard */,
				9CACE0BB217FB46200997436 /* Assets.xcassets */,
				9CACE0BD217FB46200997436 /* LaunchScreen.storyboard */,
				9CACE0C0217FB46200997436 /* Info.plist */,
			);
			path = DogBreedRecognizer;
			sourceTree = "<group>";
		};
		9CACE0C8217FB46200997436 /* DogBreedRecognizerTests */ = {
			isa = PBXGroup;
			children = (
				9CACE0C9217FB46200997436 /* DogBreedRecognizerTests.swift */,
				9CACE0CB217FB46200997436 /* Info.plist */,
			);
			path = DogBreedRecognizerTests;
			sourceTree = "<group>";
		};
		9CACE0D3217FB46200997436 /* DogBreedRecognizerUITests */ = {
			isa = PBXGroup;
			children = (
				9CACE0D4217FB46200997436 /* DogBreedRecognizerUITests.swift */,
				9CACE0D6217FB46200997436 /* Info.plist */,
			);
			path = DogBreedRecognizerUITests;
			sourceTree = "<group>";
		};
		DD39F6ED14D5C621C9508A06 /* Frameworks */ = {
			isa = PBXGroup;
			children = (
				423E5451BFA4FA8578C55814 /* Pods_DogBreedRecognizer.framework */,
				3BB6C84E421D4C607F429489 /* Pods_DogBreedRecognizerTests.framework */,
				CD86ADF37F4D5A0A648CEE30 /* Pods_DogBreedRecognizerUITests.framework */,
			);
			name = Frameworks;
			sourceTree = "<group>";
		};
/* End PBXGroup section */

/* Begin PBXNativeTarget section */
		9CACE0B0217FB46000997436 /* DogBreedRecognizer */ = {
			isa = PBXNativeTarget;
			buildConfigurationList = 9CACE0D9217FB46200997436 /* Build configuration list for PBXNativeTarget "DogBreedRecognizer" */;
			buildPhases = (
				98BF7FCBF4771420CB49068C /* [CP] Check Pods Manifest.lock */,
				9CACE0AD217FB46000997436 /* Sources */,
				9CACE0AE217FB46000997436 /* Frameworks */,
				9CACE0AF217FB46000997436 /* Resources */,
				0776D01FDCEDE8C69DAEC077 /* [CP] Embed Pods Frameworks */,
			);
			buildRules = (
			);
			dependencies = (
			);
			name = DogBreedRecognizer;
			productName = DogBreedRecognizer;
			productReference = 9CACE0B1217FB46000997436 /* DogBreedRecognizer.app */;
			productType = "com.apple.product-type.application";
		};
		9CACE0C4217FB46200997436 /* DogBreedRecognizerTests */ = {
			isa = PBXNativeTarget;
			buildConfigurationList = 9CACE0DC217FB46200997436 /* Build configuration list for PBXNativeTarget "DogBreedRecognizerTests" */;
			buildPhases = (
				5CD1F39C9B84FEE2D74D15F1 /* [CP] Check Pods Manifest.lock */,
				9CACE0C1217FB46200997436 /* Sources */,
				9CACE0C2217FB46200997436 /* Frameworks */,
				9CACE0C3217FB46200997436 /* Resources */,
			);
			buildRules = (
			);
			dependencies = (
				9CACE0C7217FB46200997436 /* PBXTargetDependency */,
			);
			name = DogBreedRecognizerTests;
			productName = DogBreedRecognizerTests;
			productReference = 9CACE0C5217FB46200997436 /* DogBreedRecognizerTests.xctest */;
			productType = "com.apple.product-type.bundle.unit-test";
		};
		9CACE0CF217FB46200997436 /* DogBreedRecognizerUITests */ = {
			isa = PBXNativeTarget;
			buildConfigurationList = 9CACE0DF217FB46200997436 /* Build configuration list for PBXNativeTarget "DogBreedRecognizerUITests" */;
			buildPhases = (
				4747A3472209F7D6994256E0 /* [CP] Check Pods Manifest.lock */,
				9CACE0CC217FB46200997436 /* Sources */,
				9CACE0CD217FB46200997436 /* Frameworks */,
				9CACE0CE217FB46200997436 /* Resources */,
			);
			buildRules = (
			);
			dependencies = (
				9CACE0D2217FB46200997436 /* PBXTargetDependency */,
			);
			name = DogBreedRecognizerUITests;
			productName = DogBreedRecognizerUITests;
			productReference = 9CACE0D0217FB46200997436 /* DogBreedRecognizerUITests.xctest */;
			productType = "com.apple.product-type.bundle.ui-testing";
		};
/* End PBXNativeTarget section */

/* Begin PBXProject section */
		9CACE0A9217FB46000997436 /* Project object */ = {
			isa = PBXProject;
			attributes = {
				LastSwiftUpdateCheck = 1000;
				LastUpgradeCheck = 1000;
				ORGANIZATIONNAME = Nurlybek;
				TargetAttributes = {
					9CACE0B0217FB46000997436 = {
						CreatedOnToolsVersion = 10.0;
					};
					9CACE0C4217FB46200997436 = {
						CreatedOnToolsVersion = 10.0;
						TestTargetID = 9CACE0B0217FB46000997436;
					};
					9CACE0CF217FB46200997436 = {
						CreatedOnToolsVersion = 10.0;
						TestTargetID = 9CACE0B0217FB46000997436;
					};
				};
			};
			buildConfigurationList = 9CACE0AC217FB46000997436 /* Build configuration list for PBXProject "DogBreedRecognizer" */;
			compatibilityVersion = "Xcode 9.3";
			developmentRegion = en;
			hasScannedForEncodings = 0;
			knownRegions = (
				en,
				Base,
			);
			mainGroup = 9CACE0A8217FB46000997436;
			productRefGroup = 9CACE0B2217FB46000997436 /* Products */;
			projectDirPath = "";
			projectRoot = "";
			targets = (
				9CACE0B0217FB46000997436 /* DogBreedRecognizer */,
				9CACE0C4217FB46200997436 /* DogBreedRecognizerTests */,
				9CACE0CF217FB46200997436 /* DogBreedRecognizerUITests */,
			);
		};
/* End PBXProject section */

/* Begin PBXResourcesBuildPhase section */
		9CACE0AF217FB46000997436 /* Resources */ = {
			isa = PBXResourcesBuildPhase;
			buildActionMask = 2147483647;
			files = (
				9CACE0BF217FB46200997436 /* LaunchScreen.storyboard in Resources */,
				9C2A1C952225D0F300715186 /* GoogleService-Info.plist in Resources */,
				9CACE0BC217FB46200997436 /* Assets.xcassets in Resources */,
				9CACE0BA217FB46000997436 /* Main.storyboard in Resources */,
			);
			runOnlyForDeploymentPostprocessing = 0;
		};
		9CACE0C3217FB46200997436 /* Resources */ = {
			isa = PBXResourcesBuildPhase;
			buildActionMask = 2147483647;
			files = (
			);
			runOnlyForDeploymentPostprocessing = 0;
		};
		9CACE0CE217FB46200997436 /* Resources */ = {
			isa = PBXResourcesBuildPhase;
			buildActionMask = 2147483647;
			files = (
			);
			runOnlyForDeploymentPostprocessing = 0;
		};
/* End PBXResourcesBuildPhase section */

/* Begin PBXShellScriptBuildPhase section */
		0776D01FDCEDE8C69DAEC077 /* [CP] Embed Pods Frameworks */ = {
			isa = PBXShellScriptBuildPhase;
			buildActionMask = 2147483647;
			files = (
			);
			inputFileListPaths = (
			);
			inputPaths = (
				"${SRCROOT}/Pods/Target Support Files/Pods-DogBreedRecognizer/Pods-DogBreedRecognizer-frameworks.sh",
				"${BUILT_PRODUCTS_DIR}/BoringSSL-GRPC/openssl_grpc.framework",
				"${BUILT_PRODUCTS_DIR}/Floaty/Floaty.framework",
				"${BUILT_PRODUCTS_DIR}/GTMSessionFetcher/GTMSessionFetcher.framework",
				"${BUILT_PRODUCTS_DIR}/GoogleUtilities/GoogleUtilities.framework",
				"${BUILT_PRODUCTS_DIR}/LocationPickerController/LocationPickerController.framework",
				"${BUILT_PRODUCTS_DIR}/Protobuf/Protobuf.framework",
				"${BUILT_PRODUCTS_DIR}/gRPC-C++/grpcpp.framework",
				"${BUILT_PRODUCTS_DIR}/gRPC-Core/grpc.framework",
				"${BUILT_PRODUCTS_DIR}/leveldb-library/leveldb.framework",
				"${BUILT_PRODUCTS_DIR}/nanopb/nanopb.framework",
			);
			name = "[CP] Embed Pods Frameworks";
			outputFileListPaths = (
			);
			outputPaths = (
				"${TARGET_BUILD_DIR}/${FRAMEWORKS_FOLDER_PATH}/openssl_grpc.framework",
				"${TARGET_BUILD_DIR}/${FRAMEWORKS_FOLDER_PATH}/Floaty.framework",
				"${TARGET_BUILD_DIR}/${FRAMEWORKS_FOLDER_PATH}/GTMSessionFetcher.framework",
				"${TARGET_BUILD_DIR}/${FRAMEWORKS_FOLDER_PATH}/GoogleUtilities.framework",
				"${TARGET_BUILD_DIR}/${FRAMEWORKS_FOLDER_PATH}/LocationPickerController.framework",
				"${TARGET_BUILD_DIR}/${FRAMEWORKS_FOLDER_PATH}/Protobuf.framework",
				"${TARGET_BUILD_DIR}/${FRAMEWORKS_FOLDER_PATH}/grpcpp.framework",
				"${TARGET_BUILD_DIR}/${FRAMEWORKS_FOLDER_PATH}/grpc.framework",
				"${TARGET_BUILD_DIR}/${FRAMEWORKS_FOLDER_PATH}/leveldb.framework",
				"${TARGET_BUILD_DIR}/${FRAMEWORKS_FOLDER_PATH}/nanopb.framework",
			);
			runOnlyForDeploymentPostprocessing = 0;
			shellPath = /bin/sh;
			shellScript = "\"${SRCROOT}/Pods/Target Support Files/Pods-DogBreedRecognizer/Pods-DogBreedRecognizer-frameworks.sh\"\n";
			showEnvVarsInLog = 0;
		};
		4747A3472209F7D6994256E0 /* [CP] Check Pods Manifest.lock */ = {
			isa = PBXShellScriptBuildPhase;
			buildActionMask = 2147483647;
			files = (
			);
			inputFileListPaths = (
			);
			inputPaths = (
				"${PODS_PODFILE_DIR_PATH}/Podfile.lock",
				"${PODS_ROOT}/Manifest.lock",
			);
			name = "[CP] Check Pods Manifest.lock";
			outputFileListPaths = (
			);
			outputPaths = (
				"$(DERIVED_FILE_DIR)/Pods-DogBreedRecognizerUITests-checkManifestLockResult.txt",
			);
			runOnlyForDeploymentPostprocessing = 0;
			shellPath = /bin/sh;
			shellScript = "diff \"${PODS_PODFILE_DIR_PATH}/Podfile.lock\" \"${PODS_ROOT}/Manifest.lock\" > /dev/null\nif [ $? != 0 ] ; then\n    # print error to STDERR\n    echo \"error: The sandbox is not in sync with the Podfile.lock. Run 'pod install' or update your CocoaPods installation.\" >&2\n    exit 1\nfi\n# This output is used by Xcode 'outputs' to avoid re-running this script phase.\necho \"SUCCESS\" > \"${SCRIPT_OUTPUT_FILE_0}\"\n";
			showEnvVarsInLog = 0;
		};
		5CD1F39C9B84FEE2D74D15F1 /* [CP] Check Pods Manifest.lock */ = {
			isa = PBXShellScriptBuildPhase;
			buildActionMask = 2147483647;
			files = (
			);
			inputFileListPaths = (
			);
			inputPaths = (
				"${PODS_PODFILE_DIR_PATH}/Podfile.lock",
				"${PODS_ROOT}/Manifest.lock",
			);
			name = "[CP] Check Pods Manifest.lock";
			outputFileListPaths = (
			);
			outputPaths = (
				"$(DERIVED_FILE_DIR)/Pods-DogBreedRecognizerTests-checkManifestLockResult.txt",
			);
			runOnlyForDeploymentPostprocessing = 0;
			shellPath = /bin/sh;
			shellScript = "diff \"${PODS_PODFILE_DIR_PATH}/Podfile.lock\" \"${PODS_ROOT}/Manifest.lock\" > /dev/null\nif [ $? != 0 ] ; then\n    # print error to STDERR\n    echo \"error: The sandbox is not in sync with the Podfile.lock. Run 'pod install' or update your CocoaPods installation.\" >&2\n    exit 1\nfi\n# This output is used by Xcode 'outputs' to avoid re-running this script phase.\necho \"SUCCESS\" > \"${SCRIPT_OUTPUT_FILE_0}\"\n";
			showEnvVarsInLog = 0;
		};
		98BF7FCBF4771420CB49068C /* [CP] Check Pods Manifest.lock */ = {
			isa = PBXShellScriptBuildPhase;
			buildActionMask = 2147483647;
			files = (
			);
			inputFileListPaths = (
			);
			inputPaths = (
				"${PODS_PODFILE_DIR_PATH}/Podfile.lock",
				"${PODS_ROOT}/Manifest.lock",
			);
			name = "[CP] Check Pods Manifest.lock";
			outputFileListPaths = (
			);
			outputPaths = (
				"$(DERIVED_FILE_DIR)/Pods-DogBreedRecognizer-checkManifestLockResult.txt",
			);
			runOnlyForDeploymentPostprocessing = 0;
			shellPath = /bin/sh;
			shellScript = "diff \"${PODS_PODFILE_DIR_PATH}/Podfile.lock\" \"${PODS_ROOT}/Manifest.lock\" > /dev/null\nif [ $? != 0 ] ; then\n    # print error to STDERR\n    echo \"error: The sandbox is not in sync with the Podfile.lock. Run 'pod install' or update your CocoaPods installation.\" >&2\n    exit 1\nfi\n# This output is used by Xcode 'outputs' to avoid re-running this script phase.\necho \"SUCCESS\" > \"${SCRIPT_OUTPUT_FILE_0}\"\n";
			showEnvVarsInLog = 0;
		};
/* End PBXShellScriptBuildPhase section */

/* Begin PBXSourcesBuildPhase section */
		9CACE0AD217FB46000997436 /* Sources */ = {
			isa = PBXSourcesBuildPhase;
			buildActionMask = 2147483647;
			files = (
				9CE9DAA8225EFE9B00571BC4 /* ProfileVC.swift in Sources */,
				9CE9DAA0225EF20500571BC4 /* CommentsVC.swift in Sources */,
				9CACE0B7217FB46000997436 /* ViewController.swift in Sources */,
				9C03828921A309E700D5AF0A /* UImage+Extension.swift in Sources */,
				9C3FC9462201009900A74A4E /* TabbarViewController.swift in Sources */,
				9C80AA4F223B09AF00F0BFA4 /* AuthVC.swift in Sources */,
				9CE9DAAC226013B200571BC4 /* KeyboardBoundView.swift in Sources */,
				9C32F0BB2246DE40001202DE /* breedClassifier_87.mlmodel in Sources */,
				9CACE0B5217FB46000997436 /* AppDelegate.swift in Sources */,
				9C1BC5392241F3540014A840 /* UploadLostDogVC.swift in Sources */,
				9C555D31224DE8E400696B96 /* Dog.swift in Sources */,
				9CE9DAA6225EFB9F00571BC4 /* Comment.swift in Sources */,
				9C555D34224DEC3700696B96 /* DogCell.swift in Sources */,
				9C555D2B224DD6CE00696B96 /* Constants.swift in Sources */,
				9C555D362251A7F300696B96 /* UploadFoundDogVC.swift in Sources */,
				9CE9DAA4225EF9BA00571BC4 /* CommentCell.swift in Sources */,
			);
			runOnlyForDeploymentPostprocessing = 0;
		};
		9CACE0C1217FB46200997436 /* Sources */ = {
			isa = PBXSourcesBuildPhase;
			buildActionMask = 2147483647;
			files = (
				9CACE0CA217FB46200997436 /* DogBreedRecognizerTests.swift in Sources */,
			);
			runOnlyForDeploymentPostprocessing = 0;
		};
		9CACE0CC217FB46200997436 /* Sources */ = {
			isa = PBXSourcesBuildPhase;
			buildActionMask = 2147483647;
			files = (
				9CACE0D5217FB46200997436 /* DogBreedRecognizerUITests.swift in Sources */,
			);
			runOnlyForDeploymentPostprocessing = 0;
		};
/* End PBXSourcesBuildPhase section */

/* Begin PBXTargetDependency section */
		9CACE0C7217FB46200997436 /* PBXTargetDependency */ = {
			isa = PBXTargetDependency;
			target = 9CACE0B0217FB46000997436 /* DogBreedRecognizer */;
			targetProxy = 9CACE0C6217FB46200997436 /* PBXContainerItemProxy */;
		};
		9CACE0D2217FB46200997436 /* PBXTargetDependency */ = {
			isa = PBXTargetDependency;
			target = 9CACE0B0217FB46000997436 /* DogBreedRecognizer */;
			targetProxy = 9CACE0D1217FB46200997436 /* PBXContainerItemProxy */;
		};
/* End PBXTargetDependency section */

/* Begin PBXVariantGroup section */
		9CACE0B8217FB46000997436 /* Main.storyboard */ = {
			isa = PBXVariantGroup;
			children = (
				9CACE0B9217FB46000997436 /* Base */,
			);
			name = Main.storyboard;
			sourceTree = "<group>";
		};
		9CACE0BD217FB46200997436 /* LaunchScreen.storyboard */ = {
			isa = PBXVariantGroup;
			children = (
				9CACE0BE217FB46200997436 /* Base */,
			);
			name = LaunchScreen.storyboard;
			sourceTree = "<group>";
		};
/* End PBXVariantGroup section */

/* Begin XCBuildConfiguration section */
		9CACE0D7217FB46200997436 /* Debug */ = {
			isa = XCBuildConfiguration;
			buildSettings = {
				ALWAYS_SEARCH_USER_PATHS = NO;
				CLANG_ANALYZER_NONNULL = YES;
				CLANG_ANALYZER_NUMBER_OBJECT_CONVERSION = YES_AGGRESSIVE;
				CLANG_CXX_LANGUAGE_STANDARD = "gnu++14";
				CLANG_CXX_LIBRARY = "libc++";
				CLANG_ENABLE_MODULES = YES;
				CLANG_ENABLE_OBJC_ARC = YES;
				CLANG_ENABLE_OBJC_WEAK = YES;
				CLANG_WARN_BLOCK_CAPTURE_AUTORELEASING = YES;
				CLANG_WARN_BOOL_CONVERSION = YES;
				CLANG_WARN_COMMA = YES;
				CLANG_WARN_CONSTANT_CONVERSION = YES;
				CLANG_WARN_DEPRECATED_OBJC_IMPLEMENTATIONS = YES;
				CLANG_WARN_DIRECT_OBJC_ISA_USAGE = YES_ERROR;
				CLANG_WARN_DOCUMENTATION_COMMENTS = YES;
				CLANG_WARN_EMPTY_BODY = YES;
				CLANG_WARN_ENUM_CONVERSION = YES;
				CLANG_WARN_INFINITE_RECURSION = YES;
				CLANG_WARN_INT_CONVERSION = YES;
				CLANG_WARN_NON_LITERAL_NULL_CONVERSION = YES;
				CLANG_WARN_OBJC_IMPLICIT_RETAIN_SELF = YES;
				CLANG_WARN_OBJC_LITERAL_CONVERSION = YES;
				CLANG_WARN_OBJC_ROOT_CLASS = YES_ERROR;
				CLANG_WARN_RANGE_LOOP_ANALYSIS = YES;
				CLANG_WARN_STRICT_PROTOTYPES = YES;
				CLANG_WARN_SUSPICIOUS_MOVE = YES;
				CLANG_WARN_UNGUARDED_AVAILABILITY = YES_AGGRESSIVE;
				CLANG_WARN_UNREACHABLE_CODE = YES;
				CLANG_WARN__DUPLICATE_METHOD_MATCH = YES;
				CODE_SIGN_IDENTITY = "iPhone Developer";
				COPY_PHASE_STRIP = NO;
				DEBUG_INFORMATION_FORMAT = dwarf;
				ENABLE_STRICT_OBJC_MSGSEND = YES;
				ENABLE_TESTABILITY = YES;
				GCC_C_LANGUAGE_STANDARD = gnu11;
				GCC_DYNAMIC_NO_PIC = NO;
				GCC_NO_COMMON_BLOCKS = YES;
				GCC_OPTIMIZATION_LEVEL = 0;
				GCC_PREPROCESSOR_DEFINITIONS = (
					"DEBUG=1",
					"$(inherited)",
				);
				GCC_WARN_64_TO_32_BIT_CONVERSION = YES;
				GCC_WARN_ABOUT_RETURN_TYPE = YES_ERROR;
				GCC_WARN_UNDECLARED_SELECTOR = YES;
				GCC_WARN_UNINITIALIZED_AUTOS = YES_AGGRESSIVE;
				GCC_WARN_UNUSED_FUNCTION = YES;
				GCC_WARN_UNUSED_VARIABLE = YES;
				IPHONEOS_DEPLOYMENT_TARGET = 12.0;
				MTL_ENABLE_DEBUG_INFO = INCLUDE_SOURCE;
				MTL_FAST_MATH = YES;
				ONLY_ACTIVE_ARCH = YES;
				SDKROOT = iphoneos;
				SWIFT_ACTIVE_COMPILATION_CONDITIONS = DEBUG;
				SWIFT_OPTIMIZATION_LEVEL = "-Onone";
			};
			name = Debug;
		};
		9CACE0D8217FB46200997436 /* Release */ = {
			isa = XCBuildConfiguration;
			buildSettings = {
				ALWAYS_SEARCH_USER_PATHS = NO;
				CLANG_ANALYZER_NONNULL = YES;
				CLANG_ANALYZER_NUMBER_OBJECT_CONVERSION = YES_AGGRESSIVE;
				CLANG_CXX_LANGUAGE_STANDARD = "gnu++14";
				CLANG_CXX_LIBRARY = "libc++";
				CLANG_ENABLE_MODULES = YES;
				CLANG_ENABLE_OBJC_ARC = YES;
				CLANG_ENABLE_OBJC_WEAK = YES;
				CLANG_WARN_BLOCK_CAPTURE_AUTORELEASING = YES;
				CLANG_WARN_BOOL_CONVERSION = YES;
				CLANG_WARN_COMMA = YES;
				CLANG_WARN_CONSTANT_CONVERSION = YES;
				CLANG_WARN_DEPRECATED_OBJC_IMPLEMENTATIONS = YES;
				CLANG_WARN_DIRECT_OBJC_ISA_USAGE = YES_ERROR;
				CLANG_WARN_DOCUMENTATION_COMMENTS = YES;
				CLANG_WARN_EMPTY_BODY = YES;
				CLANG_WARN_ENUM_CONVERSION = YES;
				CLANG_WARN_INFINITE_RECURSION = YES;
				CLANG_WARN_INT_CONVERSION = YES;
				CLANG_WARN_NON_LITERAL_NULL_CONVERSION = YES;
				CLANG_WARN_OBJC_IMPLICIT_RETAIN_SELF = YES;
				CLANG_WARN_OBJC_LITERAL_CONVERSION = YES;
				CLANG_WARN_OBJC_ROOT_CLASS = YES_ERROR;
				CLANG_WARN_RANGE_LOOP_ANALYSIS = YES;
				CLANG_WARN_STRICT_PROTOTYPES = YES;
				CLANG_WARN_SUSPICIOUS_MOVE = YES;
				CLANG_WARN_UNGUARDED_AVAILABILITY = YES_AGGRESSIVE;
				CLANG_WARN_UNREACHABLE_CODE = YES;
				CLANG_WARN__DUPLICATE_METHOD_MATCH = YES;
				CODE_SIGN_IDENTITY = "iPhone Developer";
				COPY_PHASE_STRIP = NO;
				DEBUG_INFORMATION_FORMAT = "dwarf-with-dsym";
				ENABLE_NS_ASSERTIONS = NO;
				ENABLE_STRICT_OBJC_MSGSEND = YES;
				GCC_C_LANGUAGE_STANDARD = gnu11;
				GCC_NO_COMMON_BLOCKS = YES;
				GCC_WARN_64_TO_32_BIT_CONVERSION = YES;
				GCC_WARN_ABOUT_RETURN_TYPE = YES_ERROR;
				GCC_WARN_UNDECLARED_SELECTOR = YES;
				GCC_WARN_UNINITIALIZED_AUTOS = YES_AGGRESSIVE;
				GCC_WARN_UNUSED_FUNCTION = YES;
				GCC_WARN_UNUSED_VARIABLE = YES;
				IPHONEOS_DEPLOYMENT_TARGET = 12.0;
				MTL_ENABLE_DEBUG_INFO = NO;
				MTL_FAST_MATH = YES;
				SDKROOT = iphoneos;
				SWIFT_COMPILATION_MODE = wholemodule;
				SWIFT_OPTIMIZATION_LEVEL = "-O";
				VALIDATE_PRODUCT = YES;
			};
			name = Release;
		};
		9CACE0DA217FB46200997436 /* Debug */ = {
			isa = XCBuildConfiguration;
			baseConfigurationReference = B3AA9483CA113E64E3F20C9B /* Pods-DogBreedRecognizer.debug.xcconfig */;
			buildSettings = {
				ASSETCATALOG_COMPILER_APPICON_NAME = AppIcon;
				CODE_SIGN_STYLE = Automatic;
				INFOPLIST_FILE = DogBreedRecognizer/Info.plist;
				LD_RUNPATH_SEARCH_PATHS = (
					"$(inherited)",
					"@executable_path/Frameworks",
				);
				PRODUCT_BUNDLE_IDENTIFIER = com.nurlybekkarshiga.dogrecognizer;
				PRODUCT_NAME = "$(TARGET_NAME)";
				SWIFT_VERSION = 4.2;
				TARGETED_DEVICE_FAMILY = "1,2";
			};
			name = Debug;
		};
		9CACE0DB217FB46200997436 /* Release */ = {
			isa = XCBuildConfiguration;
			baseConfigurationReference = 749130D36849136CE67A6408 /* Pods-DogBreedRecognizer.release.xcconfig */;
			buildSettings = {
				ASSETCATALOG_COMPILER_APPICON_NAME = AppIcon;
				CODE_SIGN_STYLE = Automatic;
				INFOPLIST_FILE = DogBreedRecognizer/Info.plist;
				LD_RUNPATH_SEARCH_PATHS = (
					"$(inherited)",
					"@executable_path/Frameworks",
				);
				PRODUCT_BUNDLE_IDENTIFIER = com.nurlybekkarshiga.dogrecognizer;
				PRODUCT_NAME = "$(TARGET_NAME)";
				SWIFT_VERSION = 4.2;
				TARGETED_DEVICE_FAMILY = "1,2";
			};
			name = Release;
		};
		9CACE0DD217FB46200997436 /* Debug */ = {
			isa = XCBuildConfiguration;
			baseConfigurationReference = BD32F777735B15670C2A893E /* Pods-DogBreedRecognizerTests.debug.xcconfig */;
			buildSettings = {
				ALWAYS_EMBED_SWIFT_STANDARD_LIBRARIES = YES;
				BUNDLE_LOADER = "$(TEST_HOST)";
				CODE_SIGN_STYLE = Automatic;
				INFOPLIST_FILE = DogBreedRecognizerTests/Info.plist;
				LD_RUNPATH_SEARCH_PATHS = (
					"$(inherited)",
					"@executable_path/Frameworks",
					"@loader_path/Frameworks",
				);
				PRODUCT_BUNDLE_IDENTIFIER = Nurlybek.DogBreedRecognizerTests;
				PRODUCT_NAME = "$(TARGET_NAME)";
				SWIFT_VERSION = 4.2;
				TARGETED_DEVICE_FAMILY = "1,2";
				TEST_HOST = "$(BUILT_PRODUCTS_DIR)/DogBreedRecognizer.app/DogBreedRecognizer";
			};
			name = Debug;
		};
		9CACE0DE217FB46200997436 /* Release */ = {
			isa = XCBuildConfiguration;
			baseConfigurationReference = 3AC312E1EE92B07FB7156533 /* Pods-DogBreedRecognizerTests.release.xcconfig */;
			buildSettings = {
				ALWAYS_EMBED_SWIFT_STANDARD_LIBRARIES = YES;
				BUNDLE_LOADER = "$(TEST_HOST)";
				CODE_SIGN_STYLE = Automatic;
				INFOPLIST_FILE = DogBreedRecognizerTests/Info.plist;
				LD_RUNPATH_SEARCH_PATHS = (
					"$(inherited)",
					"@executable_path/Frameworks",
					"@loader_path/Frameworks",
				);
				PRODUCT_BUNDLE_IDENTIFIER = Nurlybek.DogBreedRecognizerTests;
				PRODUCT_NAME = "$(TARGET_NAME)";
				SWIFT_VERSION = 4.2;
				TARGETED_DEVICE_FAMILY = "1,2";
				TEST_HOST = "$(BUILT_PRODUCTS_DIR)/DogBreedRecognizer.app/DogBreedRecognizer";
			};
			name = Release;
		};
		9CACE0E0217FB46200997436 /* Debug */ = {
			isa = XCBuildConfiguration;
			baseConfigurationReference = F4794C797CD4495FF582499F /* Pods-DogBreedRecognizerUITests.debug.xcconfig */;
			buildSettings = {
				ALWAYS_EMBED_SWIFT_STANDARD_LIBRARIES = YES;
				CODE_SIGN_STYLE = Automatic;
				INFOPLIST_FILE = DogBreedRecognizerUITests/Info.plist;
				LD_RUNPATH_SEARCH_PATHS = (
					"$(inherited)",
					"@executable_path/Frameworks",
					"@loader_path/Frameworks",
				);
				PRODUCT_BUNDLE_IDENTIFIER = Nurlybek.DogBreedRecognizerUITests;
				PRODUCT_NAME = "$(TARGET_NAME)";
				SWIFT_VERSION = 4.2;
				TARGETED_DEVICE_FAMILY = "1,2";
				TEST_TARGET_NAME = DogBreedRecognizer;
			};
			name = Debug;
		};
		9CACE0E1217FB46200997436 /* Release */ = {
			isa = XCBuildConfiguration;
			baseConfigurationReference = 472196A097220A7DD285C351 /* Pods-DogBreedRecognizerUITests.release.xcconfig */;
			buildSettings = {
				ALWAYS_EMBED_SWIFT_STANDARD_LIBRARIES = YES;
				CODE_SIGN_STYLE = Automatic;
				INFOPLIST_FILE = DogBreedRecognizerUITests/Info.plist;
				LD_RUNPATH_SEARCH_PATHS = (
					"$(inherited)",
					"@executable_path/Frameworks",
					"@loader_path/Frameworks",
				);
				PRODUCT_BUNDLE_IDENTIFIER = Nurlybek.DogBreedRecognizerUITests;
				PRODUCT_NAME = "$(TARGET_NAME)";
				SWIFT_VERSION = 4.2;
				TARGETED_DEVICE_FAMILY = "1,2";
				TEST_TARGET_NAME = DogBreedRecognizer;
			};
			name = Release;
		};
/* End XCBuildConfiguration section */

/* Begin XCConfigurationList section */
		9CACE0AC217FB46000997436 /* Build configuration list for PBXProject "DogBreedRecognizer" */ = {
			isa = XCConfigurationList;
			buildConfigurations = (
				9CACE0D7217FB46200997436 /* Debug */,
				9CACE0D8217FB46200997436 /* Release */,
			);
			defaultConfigurationIsVisible = 0;
			defaultConfigurationName = Release;
		};
		9CACE0D9217FB46200997436 /* Build configuration list for PBXNativeTarget "DogBreedRecognizer" */ = {
			isa = XCConfigurationList;
			buildConfigurations = (
				9CACE0DA217FB46200997436 /* Debug */,
				9CACE0DB217FB46200997436 /* Release */,
			);
			defaultConfigurationIsVisible = 0;
			defaultConfigurationName = Release;
		};
		9CACE0DC217FB46200997436 /* Build configuration list for PBXNativeTarget "DogBreedRecognizerTests" */ = {
			isa = XCConfigurationList;
			buildConfigurations = (
				9CACE0DD217FB46200997436 /* Debug */,
				9CACE0DE217FB46200997436 /* Release */,
			);
			defaultConfigurationIsVisible = 0;
			defaultConfigurationName = Release;
		};
		9CACE0DF217FB46200997436 /* Build configuration list for PBXNativeTarget "DogBreedRecognizerUITests" */ = {
			isa = XCConfigurationList;
			buildConfigurations = (
				9CACE0E0217FB46200997436 /* Debug */,
				9CACE0E1217FB46200997436 /* Release */,
			);
			defaultConfigurationIsVisible = 0;
			defaultConfigurationName = Release;
		};
/* End XCConfigurationList section */
	};
	rootObject = 9CACE0A9217FB46000997436 /* Project object */;
}
